
Microsoft Visual Studio Solution File, Format Version 12.00
# Visual Studio 14
VisualStudioVersion = 14.0.25123.0
MinimumVisualStudioVersion = 10.0.40219.1
Project("{FAE04EC0-301F-11D3-BF4B-00C04F79EFBC}") = "Lithnet.Transforms", "Lithnet.Transforms\Lithnet.Transforms.csproj", "{3EEACB2D-E292-4DCE-A476-1BE0F4897E19}"
EndProject
Project("{FAE04EC0-301F-11D3-BF4B-00C04F79EFBC}") = "Lithnet.Transforms.Presentation", "Lithnet.Transforms.Presentation\Lithnet.Transforms.Presentation.csproj", "{E5B53764-629F-4ED6-BE7E-B87DBF869582}"
EndProject
Project("{FAE04EC0-301F-11D3-BF4B-00C04F79EFBC}") = "Lithnet.Transforms.UnitTests", "Lithnet.Transforms.UnitTests\Lithnet.Transforms.UnitTests.csproj", "{3FF9AD97-2F6F-4B89-88A6-F22B9B97BF19}"
EndProject
Global
	GlobalSection(SolutionConfigurationPlatforms) = preSolution
		Debug|Any CPU = Debug|Any CPU
		Release|Any CPU = Release|Any CPU
	EndGlobalSection
	GlobalSection(ProjectConfigurationPlatforms) = postSolution
		{3EEACB2D-E292-4DCE-A476-1BE0F4897E19}.Debug|Any CPU.ActiveCfg = Debug|Any CPU
		{3EEACB2D-E292-4DCE-A476-1BE0F4897E19}.Debug|Any CPU.Build.0 = Debug|Any CPU
		{3EEACB2D-E292-4DCE-A476-1BE0F4897E19}.Release|Any CPU.ActiveCfg = Release|Any CPU
		{3EEACB2D-E292-4DCE-A476-1BE0F4897E19}.Release|Any CPU.Build.0 = Release|Any CPU
		{E5B53764-629F-4ED6-BE7E-B87DBF869582}.Debug|Any CPU.ActiveCfg = Debug|Any CPU
		{E5B53764-629F-4ED6-BE7E-B87DBF869582}.Debug|Any CPU.Build.0 = Debug|Any CPU
		{E5B53764-629F-4ED6-BE7E-B87DBF869582}.Release|Any CPU.ActiveCfg = Release|Any CPU
		{E5B53764-629F-4ED6-BE7E-B87DBF869582}.Release|Any CPU.Build.0 = Release|Any CPU
		{3FF9AD97-2F6F-4B89-88A6-F22B9B97BF19}.Debug|Any CPU.ActiveCfg = Debug|Any CPU
		{3FF9AD97-2F6F-4B89-88A6-F22B9B97BF19}.Debug|Any CPU.Build.0 = Debug|Any CPU
		{3FF9AD97-2F6F-4B89-88A6-F22B9B97BF19}.Release|Any CPU.ActiveCfg = Release|Any CPU
		{3FF9AD97-2F6F-4B89-88A6-F22B9B97BF19}.Release|Any CPU.Build.0 = Release|Any CPU
	EndGlobalSection
	GlobalSection(SolutionProperties) = preSolution
		HideSolutionNode = FALSE
	EndGlobalSection
EndGlobal
